# This file is generated by running "yarn install" inside your project.
# Manual changes might be lost - proceed with caution!

__metadata:
  version: 7
  cacheKey: 9

"@adyen/adyen-web@npm:^5.31.2":
  version: 5.33.0
  resolution: "@adyen/adyen-web@npm:5.33.0"
  dependencies:
    "@babel/runtime": "npm:^7.15.4"
    "@babel/runtime-corejs3": "npm:^7.20.1"
    "@types/applepayjs": "npm:^3.0.4"
    "@types/googlepay": "npm:^0.6.2"
    classnames: "npm:^2.3.1"
    core-js-pure: "npm:^3.25.3"
    preact: "npm:10.11.3"
  checksum: fc4bab5e296a75289b69094ec6fbf833cef82908e97e1767c1f821054efa30bf4d7332784750740b336af5860e17e783fefae04ccbc9247e3368b9d70bf45201
  languageName: node
  linkType: hard

"@babel/runtime-corejs3@npm:^7.20.1":
  version: 7.20.13
  resolution: "@babel/runtime-corejs3@npm:7.20.13"
  dependencies:
    core-js-pure: "npm:^3.25.1"
    regenerator-runtime: "npm:^0.13.11"
  checksum: c3c7f660b32bdd5e015c32bb6e4ecd35e7dce6f6a6b328a19b165c03439fb47c02adf19c3fd0fe5221cb14b4da192b78b547ff1c4186e23b3393b6955851e282
  languageName: node
  linkType: hard

"@babel/runtime@npm:^7.15.4":
  version: 7.20.13
  resolution: "@babel/runtime@npm:7.20.13"
  dependencies:
    regenerator-runtime: "npm:^0.13.11"
  checksum: 0e09b4915318248aeeccdf6dc6a8ccdeedbe4b7187fa4159eaa569c4a407c36f3b8689296296b25246671987efe2253dd6e3bab63a40deedcdbd49b8845204e6
  languageName: node
  linkType: hard

"@types/applepayjs@npm:^3.0.4":
  version: 3.0.4
  resolution: "@types/applepayjs@npm:3.0.4"
  checksum: c59ec9c71f5bfbc67758466bf7e95b710b6ea10aec54e94b9273d36c15a3cb259e8c00cec1a5b8f87705b39aff62e1693cd652da7e2ceada6d674420dc7e9349
  languageName: node
  linkType: hard

"@types/googlepay@npm:^0.6.2":
  version: 0.6.4
  resolution: "@types/googlepay@npm:0.6.4"
  checksum: 3dff2f67fa45949a69eb888b19ad27b09b1cc6b28362da40e49c5c16b6b520d5dcd94496622af0024fc3f7dd80178b2fac0af29d1eb1d6ef4f79f7c708289410
  languageName: node
  linkType: hard

"@types/prop-types@npm:*":
  version: 15.7.5
  resolution: "@types/prop-types@npm:15.7.5"
  checksum: a6e04a01e1f632cc3fa5fffd79779f2f83a8fec1293cdf29b5a02aa4e1a1b38a124e824205a40de4e66532a0fa33c4f60337b55cec635080ea2571e55910460f
  languageName: node
  linkType: hard

"@types/react@npm:^18.0.28":
  version: 18.0.28
  resolution: "@types/react@npm:18.0.28"
  dependencies:
    "@types/prop-types": "npm:*"
    "@types/scheduler": "npm:*"
    csstype: "npm:^3.0.2"
  checksum: 5a43d1f81da064da91d0be3a676fbd2380d3bdff7491e0dae49e9ccdecf8fdf07e1bf7054d5fdd79266bf90a813384bd6898c678aca44e041a9e19df5fa690b3
  languageName: node
  linkType: hard

"@types/scheduler@npm:*":
  version: 0.16.2
  resolution: "@types/scheduler@npm:0.16.2"
  checksum: 223d9b12d1eff3fe857e7eb967d640707c2a76ba1126633bae88dce7693301ea8edcce83586a17134a1822f01265f715809860085547b01db8de6a90f5165706
  languageName: node
  linkType: hard

"classnames@npm:^2.3.1":
  version: 2.3.2
  resolution: "classnames@npm:2.3.2"
  checksum: ecbd166e986b9095e01eba91958907ed43026e35aac98d667a9e958642795632c15a88f36785c66bcfbe05df32e47c1575d22faa46c29de271b013eb00202498
  languageName: node
  linkType: hard

"core-js-pure@npm:^3.25.1, core-js-pure@npm:^3.25.3":
  version: 3.28.0
  resolution: "core-js-pure@npm:3.28.0"
  checksum: 1e301d8275ced4595bb9a532691f1ffa594f9f56f7e34fdf0c57c0d66fcd01ab7cd7bf4d86f3f4d2afa10815b4d682eb33080fc5de2e4c57abd54f444cca0e7e
  languageName: node
  linkType: hard

"cross-fetch@npm:^3.1.5":
  version: 3.1.5
  resolution: "cross-fetch@npm:3.1.5"
  dependencies:
    node-fetch: "npm:2.6.7"
  checksum: 83fa7b13186c55abf289d6907b7d0be13e8c85066fb7d82a99b1b16ebcbf4cb49bcd9806020e386c94d69c7c09e15c4aade7de56ece40f86dba0147915d5c196
  languageName: node
  linkType: hard

"csstype@npm:^3.0.2":
  version: 3.1.1
  resolution: "csstype@npm:3.1.1"
  checksum: 39c4533f337cad38b9574a24b4b94bb203f091882295b6b4fb27e9e2b17148b188847f5fb728796af60bd0b80c502d510f89fe7ada3b661eaa6bca758c902036
  languageName: node
  linkType: hard

"int_pwa_dev@workspace:.":
  version: 0.0.0-use.local
  resolution: "int_pwa_dev@workspace:."
  dependencies:
    "@adyen/adyen-web": "npm:^5.31.2"
    "@types/react": "npm:^18.0.28"
    cross-fetch: "npm:^3.1.5"
    react: "npm:^18.2.0"
    react-dom: "npm:^18.2.0"
    tslib: "npm:^2.5.0"
    typescript: "npm:^4.9.5"
  languageName: unknown
  linkType: soft

"js-tokens@npm:^3.0.0 || ^4.0.0":
  version: 4.0.0
  resolution: "js-tokens@npm:4.0.0"
  checksum: 47d1c18dc6b9eed4baf1db3d81b36feb95b463201c82ffce0d7a4d65ede596ba97d6ac2468974199705db9ef8a3433606af41fc7bbe7cb25c1dd601785413d9b
  languageName: node
  linkType: hard

"loose-envify@npm:^1.1.0":
  version: 1.4.0
  resolution: "loose-envify@npm:1.4.0"
  dependencies:
    js-tokens: "npm:^3.0.0 || ^4.0.0"
  bin:
    loose-envify: cli.js
  checksum: 39c5fc44c6a8f7f8a92cccf174554fbb307477ef493760407920fdd4ed5f6cc1aec5b6a5ab3c3767ef79547b3e1aea09d8ca08d773232c662d910cfe473a0590
  languageName: node
  linkType: hard

"node-fetch@npm:2.6.7":
  version: 2.6.7
  resolution: "node-fetch@npm:2.6.7"
  dependencies:
    whatwg-url: "npm:^5.0.0"
  peerDependencies:
    encoding: ^0.1.0
  peerDependenciesMeta:
    encoding:
      optional: true
  checksum: 05c03fe66f38b9e349e691caf121b693a91adb41ab59c3af17d2c5f9d2f8d927c30b428e7c8049b739c674db06171117ba9d10dc72d6a2cf35ba8901dfb4de83
  languageName: node
  linkType: hard

"preact@npm:10.11.3":
  version: 10.11.3
  resolution: "preact@npm:10.11.3"
  checksum: 93242321b645f6dcd859fa0096de04d98970751a97855ada858f05f26ea05d279e8c9a23f82be090a066cde894c1c282853a9843988a4bfde41029b8b4033664
  languageName: node
  linkType: hard

"react-dom@npm:^18.2.0":
  version: 18.2.0
  resolution: "react-dom@npm:18.2.0"
  dependencies:
    loose-envify: "npm:^1.1.0"
    scheduler: "npm:^0.23.0"
  peerDependencies:
    react: ^18.2.0
  checksum: 7c5b915fb793d63563cec1f721e059e6ff0e2855ac116ab5cb7450b6c59398f5e25f95c960ce5cb93504cc58ab724a75a78e99282354e702a0e667d0d787d028
  languageName: node
  linkType: hard

"react@npm:^18.2.0":
  version: 18.2.0
  resolution: "react@npm:18.2.0"
  dependencies:
    loose-envify: "npm:^1.1.0"
  checksum: 8434e5782c52b3bf18a80b666348977924ee3827895fa03ec3ffb9faca90c460049f14130428dd1546bab6cf3b2c277f2c243d3c2a856501331d2e69c24b2bb9
  languageName: node
  linkType: hard

"regenerator-runtime@npm:^0.13.11":
  version: 0.13.11
  resolution: "regenerator-runtime@npm:0.13.11"
  checksum: 0485db63ce47760e28329590cb9f8b208365d076dbf2edaa32e551a7c0451fc6f7557b225268422c960ffa4fbc6ff86d63d6a747aacbf6b10ed6a747b432e3c8
  languageName: node
  linkType: hard

"scheduler@npm:^0.23.0":
  version: 0.23.0
  resolution: "scheduler@npm:0.23.0"
  dependencies:
    loose-envify: "npm:^1.1.0"
  checksum: f4022b95cdc282668643da4850f55fe70c899aa956d11819f196e2ca892271bdb253613e53997852094f9351f7c72d057eea8b28d9b4bcb93bcb1c6d09985c82
  languageName: node
  linkType: hard

"tr46@npm:~0.0.3":
  version: 0.0.3
  resolution: "tr46@npm:0.0.3"
  checksum: c670667f2df1c0983b48ee7e81d6013ab304f73573e9e4292233821b2219504307bedffc303c32df30813a9138114b8b084c81dea94fb68f08aca7770af98578
  languageName: node
  linkType: hard

"tslib@npm:^2.5.0":
  version: 2.5.0
  resolution: "tslib@npm:2.5.0"
  checksum: 5a6ee935f56cd653af29de928483acbab7323f964b053e98b6b318abc69431fb0e4f660c4f4a396e2e93852510bef25eeb9f1d951d060b2d7bcc313811e5da6f
  languageName: node
  linkType: hard

"typescript@npm:^4.9.5":
  version: 4.9.5
  resolution: "typescript@npm:4.9.5"
  bin:
    tsc: bin/tsc
    tsserver: bin/tsserver
  checksum: 550217a465c00b1d7ef0e0ddc3a6a0b2ae1fd7c1b9f53cde5a1cfe56aa457c7a43fa83792c1b98b2185d2156d0467c9ad6f6600515ad4f4fc2acee54c4bd320e
  languageName: node
  linkType: hard

"typescript@patch:typescript@npm%3A^4.9.5#optional!builtin<compat/typescript>":
  version: 4.9.5
  resolution: "typescript@patch:typescript@npm%3A4.9.5#optional!builtin<compat/typescript>::version=4.9.5&hash=23ec76"
  bin:
    tsc: bin/tsc
    tsserver: bin/tsserver
  checksum: 09f82f25664c79d5cccc389502175093becf51d691b443c79294303681544a399fb42f8384b535ddeba48cadb64e7d14b42de40d8ade4418bb43174989dd8685
  languageName: node
  linkType: hard

"webidl-conversions@npm:^3.0.0":
  version: 3.0.1
  resolution: "webidl-conversions@npm:3.0.1"
  checksum: 57c8c5fdd986be5432ea6adacd87d6757144289d3b48b33441e7310bd4f4f6d782dd34acbd74d61e923c142cc50333d27ba58235692fa7248541c0bcce2563e1
  languageName: node
  linkType: hard

"whatwg-url@npm:^5.0.0":
  version: 5.0.0
  resolution: "whatwg-url@npm:5.0.0"
  dependencies:
    tr46: "npm:~0.0.3"
    webidl-conversions: "npm:^3.0.0"
  checksum: bd0cc6b75b84b3d032e30712e2f40eefbc07ecd14f093e87b2f81bb68bce10a3961e8eb646a7a8cc9c2352548fb501eeff668c8b2595fd7c6ea91d1406ce11ee
  languageName: node
  linkType: hard
